
Microsoft Visual Studio Solution File, Format Version 12.00
# Visual Studio Version 17
VisualStudioVersion = 17.14.36616.10 d17.14
MinimumVisualStudioVersion = 10.0.40219.1
Project("{FAE04EC0-301F-11D3-BF4B-00C04F79EFBC}") = "FF3PR.Data", "FF3PR.Data\FF3PR.Data.csproj", "{C57762C2-35E7-4011-9501-86234627112C}"
EndProject
Global
	GlobalSection(SolutionConfigurationPlatforms) = preSolution
		Debug|Any CPU = Debug|Any CPU
		Release|Any CPU = Release|Any CPU
	EndGlobalSection
	GlobalSection(ProjectConfigurationPlatforms) = postSolution
		{C57762C2-35E7-4011-9501-86234627112C}.Debug|Any CPU.ActiveCfg = Debug|Any CPU
		{C57762C2-35E7-4011-9501-86234627112C}.Debug|Any CPU.Build.0 = Debug|Any CPU
		{C57762C2-35E7-4011-9501-86234627112C}.Release|Any CPU.ActiveCfg = Release|Any CPU
		{C57762C2-35E7-4011-9501-86234627112C}.Release|Any CPU.Build.0 = Release|Any CPU
	EndGlobalSection
	GlobalSection(SolutionProperties) = preSolution
		HideSolutionNode = FALSE
	EndGlobalSection
	GlobalSection(ExtensibilityGlobals) = postSolution
		SolutionGuid = {0CE1082A-6589-428A-99DD-34A9E52E9C43}
	EndGlobalSection
EndGlobal
